// !$*UTF8*$!
{
	archiveVersion = 1;
	classes = {
	};
	objectVersion = 50;
	objects = {

/* Begin PBXBuildFile section */
		D85145D823FE207A001E404A /* AppDelegate.swift in Sources */ = {isa = PBXBuildFile; fileRef = D85145D723FE207A001E404A /* AppDelegate.swift */; };
		D85145DA23FE207A001E404A /* SceneDelegate.swift in Sources */ = {isa = PBXBuildFile; fileRef = D85145D923FE207A001E404A /* SceneDelegate.swift */; };
		D85145DC23FE207A001E404A /* ViewController.swift in Sources */ = {isa = PBXBuildFile; fileRef = D85145DB23FE207A001E404A /* ViewController.swift */; };
		D85145DF23FE207A001E404A /* Main.storyboard in Resources */ = {isa = PBXBuildFile; fileRef = D85145DD23FE207A001E404A /* Main.storyboard */; };
		D85145E123FE207E001E404A /* Assets.xcassets in Resources */ = {isa = PBXBuildFile; fileRef = D85145E023FE207E001E404A /* Assets.xcassets */; };
		D85145E423FE207E001E404A /* LaunchScreen.storyboard in Resources */ = {isa = PBXBuildFile; fileRef = D85145E223FE207E001E404A /* LaunchScreen.storyboard */; };
		D85145EF23FE207F001E404A /* Animation_ProjectTests.swift in Sources */ = {isa = PBXBuildFile; fileRef = D85145EE23FE207F001E404A /* Animation_ProjectTests.swift */; };
		D85145FA23FE207F001E404A /* Animation_ProjectUITests.swift in Sources */ = {isa = PBXBuildFile; fileRef = D85145F923FE207F001E404A /* Animation_ProjectUITests.swift */; };
/* End PBXBuildFile section */

/* Begin PBXContainerItemProxy section */
		D85145EB23FE207F001E404A /* PBXContainerItemProxy */ = {
			isa = PBXContainerItemProxy;
			containerPortal = D85145CC23FE207A001E404A /* Project object */;
			proxyType = 1;
			remoteGlobalIDString = D85145D323FE207A001E404A;
			remoteInfo = "Animation Project";
		};
		D85145F623FE207F001E404A /* PBXContainerItemProxy */ = {
			isa = PBXContainerItemProxy;
			containerPortal = D85145CC23FE207A001E404A /* Project object */;
			proxyType = 1;
			remoteGlobalIDString = D85145D323FE207A001E404A;
			remoteInfo = "Animation Project";
		};
/* End PBXContainerItemProxy section */

/* Begin PBXFileReference section */
		D85145D423FE207A001E404A /* Animation Project.app */ = {isa = PBXFileReference; explicitFileType = wrapper.application; includeInIndex = 0; path = "Animation Project.app"; sourceTree = BUILT_PRODUCTS_DIR; };
		D85145D723FE207A001E404A /* AppDelegate.swift */ = {isa = PBXFileReference; lastKnownFileType = sourcecode.swift; path = AppDelegate.swift; sourceTree = "<group>"; };
		D85145D923FE207A001E404A /* SceneDelegate.swift */ = {isa = PBXFileReference; lastKnownFileType = sourcecode.swift; path = SceneDelegate.swift; sourceTree = "<group>"; };
		D85145DB23FE207A001E404A /* ViewController.swift */ = {isa = PBXFileReference; lastKnownFileType = sourcecode.swift; path = ViewController.swift; sourceTree = "<group>"; };
		D85145DE23FE207A001E404A /* Base */ = {isa = PBXFileReference; lastKnownFileType = file.storyboard; name = Base; path = Base.lproj/Main.storyboard; sourceTree = "<group>"; };
		D85145E023FE207E001E404A /* Assets.xcassets */ = {isa = PBXFileReference; lastKnownFileType = folder.assetcatalog; path = Assets.xcassets; sourceTree = "<group>"; };
		D85145E323FE207E001E404A /* Base */ = {isa = PBXFileReference; lastKnownFileType = file.storyboard; name = Base; path = Base.lproj/LaunchScreen.storyboard; sourceTree = "<group>"; };
		D85145E523FE207E001E404A /* Info.plist */ = {isa = PBXFileReference; lastKnownFileType = text.plist.xml; path = Info.plist; sourceTree = "<group>"; };
		D85145EA23FE207F001E404A /* Animation ProjectTests.xctest */ = {isa = PBXFileReference; explicitFileType = wrapper.cfbundle; includeInIndex = 0; path = "Animation ProjectTests.xctest"; sourceTree = BUILT_PRODUCTS_DIR; };
		D85145EE23FE207F001E404A /* Animation_ProjectTests.swift */ = {isa = PBXFileReference; lastKnownFileType = sourcecode.swift; path = Animation_ProjectTests.swift; sourceTree = "<group>"; };
		D85145F023FE207F001E404A /* Info.plist */ = {isa = PBXFileReference; lastKnownFileType = text.plist.xml; path = Info.plist; sourceTree = "<group>"; };
		D85145F523FE207F001E404A /* Animation ProjectUITests.xctest */ = {isa = PBXFileReference; explicitFileType = wrapper.cfbundle; includeInIndex = 0; path = "Animation ProjectUITests.xctest"; sourceTree = BUILT_PRODUCTS_DIR; };
		D85145F923FE207F001E404A /* Animation_ProjectUITests.swift */ = {isa = PBXFileReference; lastKnownFileType = sourcecode.swift; path = Animation_ProjectUITests.swift; sourceTree = "<group>"; };
		D85145FB23FE207F001E404A /* Info.plist */ = {isa = PBXFileReference; lastKnownFileType = text.plist.xml; path = Info.plist; sourceTree = "<group>"; };
/* End PBXFileReference section */

/* Begin PBXFrameworksBuildPhase section */
		D85145D123FE207A001E404A /* Frameworks */ = {
			isa = PBXFrameworksBuildPhase;
			buildActionMask = 2147483647;
			files = (
			);
			runOnlyForDeploymentPostprocessing = 0;
		};
		D85145E723FE207F001E404A /* Frameworks */ = {
			isa = PBXFrameworksBuildPhase;
			buildActionMask = 2147483647;
			files = (
			);
			runOnlyForDeploymentPostprocessing = 0;
		};
		D85145F223FE207F001E404A /* Frameworks */ = {
			isa = PBXFrameworksBuildPhase;
			buildActionMask = 2147483647;
			files = (
			);
			runOnlyForDeploymentPostprocessing = 0;
		};
/* End PBXFrameworksBuildPhase section */

/* Begin PBXGroup section */
		D85145CB23FE207A001E404A = {
			isa = PBXGroup;
			children = (
				D85145D623FE207A001E404A /* Animation Project */,
				D85145ED23FE207F001E404A /* Animation ProjectTests */,
				D85145F823FE207F001E404A /* Animation ProjectUITests */,
				D85145D523FE207A001E404A /* Products */,
			);
			sourceTree = "<group>";
		};
		D85145D523FE207A001E404A /* Products */ = {
			isa = PBXGroup;
			children = (
				D85145D423FE207A001E404A /* Animation Project.app */,
				D85145EA23FE207F001E404A /* Animation ProjectTests.xctest */,
				D85145F523FE207F001E404A /* Animation ProjectUITests.xctest */,
			);
			name = Products;
			sourceTree = "<group>";
		};
		D85145D623FE207A001E404A /* Animation Project */ = {
			isa = PBXGroup;
			children = (
				D85145D723FE207A001E404A /* AppDelegate.swift */,
				D85145D923FE207A001E404A /* SceneDelegate.swift */,
				D85145DB23FE207A001E404A /* ViewController.swift */,
				D85145DD23FE207A001E404A /* Main.storyboard */,
				D85145E023FE207E001E404A /* Assets.xcassets */,
				D85145E223FE207E001E404A /* LaunchScreen.storyboard */,
				D85145E523FE207E001E404A /* Info.plist */,
			);
			path = "Animation Project";
			sourceTree = "<group>";
		};
		D85145ED23FE207F001E404A /* Animation ProjectTests */ = {
			isa = PBXGroup;
			children = (
				D85145EE23FE207F001E404A /* Animation_ProjectTests.swift */,
				D85145F023FE207F001E404A /* Info.plist */,
			);
			path = "Animation ProjectTests";
			sourceTree = "<group>";
		};
		D85145F823FE207F001E404A /* Animation ProjectUITests */ = {
			isa = PBXGroup;
			children = (
				D85145F923FE207F001E404A /* Animation_ProjectUITests.swift */,
				D85145FB23FE207F001E404A /* Info.plist */,
			);
			path = "Animation ProjectUITests";
			sourceTree = "<group>";
		};
/* End PBXGroup section */

/* Begin PBXNativeTarget section */
		D85145D323FE207A001E404A /* Animation Project */ = {
			isa = PBXNativeTarget;
			buildConfigurationList = D85145FE23FE207F001E404A /* Build configuration list for PBXNativeTarget "Animation Project" */;
			buildPhases = (
				D85145D023FE207A001E404A /* Sources */,
				D85145D123FE207A001E404A /* Frameworks */,
				D85145D223FE207A001E404A /* Resources */,
			);
			buildRules = (
			);
			dependencies = (
			);
			name = "Animation Project";
			productName = "Animation Project";
			productReference = D85145D423FE207A001E404A /* Animation Project.app */;
			productType = "com.apple.product-type.application";
		};
		D85145E923FE207F001E404A /* Animation ProjectTests */ = {
			isa = PBXNativeTarget;
			buildConfigurationList = D851460123FE207F001E404A /* Build configuration list for PBXNativeTarget "Animation ProjectTests" */;
			buildPhases = (
				D85145E623FE207F001E404A /* Sources */,
				D85145E723FE207F001E404A /* Frameworks */,
				D85145E823FE207F001E404A /* Resources */,
			);
			buildRules = (
			);
			dependencies = (
				D85145EC23FE207F001E404A /* PBXTargetDependency */,
			);
			name = "Animation ProjectTests";
			productName = "Animation ProjectTests";
			productReference = D85145EA23FE207F001E404A /* Animation ProjectTests.xctest */;
			productType = "com.apple.product-type.bundle.unit-test";
		};
		D85145F423FE207F001E404A /* Animation ProjectUITests */ = {
			isa = PBXNativeTarget;
			buildConfigurationList = D851460423FE207F001E404A /* Build configuration list for PBXNativeTarget "Animation ProjectUITests" */;
			buildPhases = (
				D85145F123FE207F001E404A /* Sources */,
				D85145F223FE207F001E404A /* Frameworks */,
				D85145F323FE207F001E404A /* Resources */,
			);
			buildRules = (
			);
			dependencies = (
				D85145F723FE207F001E404A /* PBXTargetDependency */,
			);
			name = "Animation ProjectUITests";
			productName = "Animation ProjectUITests";
			productReference = D85145F523FE207F001E404A /* Animation ProjectUITests.xctest */;
			productType = "com.apple.product-type.bundle.ui-testing";
		};
/* End PBXNativeTarget section */

/* Begin PBXProject section */
		D85145CC23FE207A001E404A /* Project object */ = {
			isa = PBXProject;
			attributes = {
				LastSwiftUpdateCheck = 1130;
				LastUpgradeCheck = 1130;
				ORGANIZATIONNAME = "Spencer Curran";
				TargetAttributes = {
					D85145D323FE207A001E404A = {
						CreatedOnToolsVersion = 11.3.1;
					};
					D85145E923FE207F001E404A = {
						CreatedOnToolsVersion = 11.3.1;
						TestTargetID = D85145D323FE207A001E404A;
					};
					D85145F423FE207F001E404A = {
						CreatedOnToolsVersion = 11.3.1;
						TestTargetID = D85145D323FE207A001E404A;
					};
				};
			};
			buildConfigurationList = D85145CF23FE207A001E404A /* Build configuration list for PBXProject "Animation Project" */;
			compatibilityVersion = "Xcode 9.3";
			developmentRegion = en;
			hasScannedForEncodings = 0;
			knownRegions = (
				en,
				Base,
			);
			mainGroup = D85145CB23FE207A001E404A;
			productRefGroup = D85145D523FE207A001E404A /* Products */;
			projectDirPath = "";
			projectRoot = "";
			targets = (
				D85145D323FE207A001E404A /* Animation Project */,
				D85145E923FE207F001E404A /* Animation ProjectTests */,
				D85145F423FE207F001E404A /* Animation ProjectUITests */,
			);
		};
/* End PBXProject section */

/* Begin PBXResourcesBuildPhase section */
		D85145D223FE207A001E404A /* Resources */ = {
			isa = PBXResourcesBuildPhase;
			buildActionMask = 2147483647;
			files = (
				D85145E423FE207E001E404A /* LaunchScreen.storyboard in Resources */,
				D85145E123FE207E001E404A /* Assets.xcassets in Resources */,
				D85145DF23FE207A001E404A /* Main.storyboard in Resources */,
			);
			runOnlyForDeploymentPostprocessing = 0;
		};
		D85145E823FE207F001E404A /* Resources */ = {
			isa = PBXResourcesBuildPhase;
			buildActionMask = 2147483647;
			files = (
			);
			runOnlyForDeploymentPostprocessing = 0;
		};
		D85145F323FE207F001E404A /* Resources */ = {
			isa = PBXResourcesBuildPhase;
			buildActionMask = 2147483647;
			files = (
			);
			runOnlyForDeploymentPostprocessing = 0;
		};
/* End PBXResourcesBuildPhase section */

/* Begin PBXSourcesBuildPhase section */
		D85145D023FE207A001E404A /* Sources */ = {
			isa = PBXSourcesBuildPhase;
			buildActionMask = 2147483647;
			files = (
				D85145DC23FE207A001E404A /* ViewController.swift in Sources */,
				D85145D823FE207A001E404A /* AppDelegate.swift in Sources */,
				D85145DA23FE207A001E404A /* SceneDelegate.swift in Sources */,
			);
			runOnlyForDeploymentPostprocessing = 0;
		};
		D85145E623FE207F001E404A /* Sources */ = {
			isa = PBXSourcesBuildPhase;
			buildActionMask = 2147483647;
			files = (
				D85145EF23FE207F001E404A /* Animation_ProjectTests.swift in Sources */,
			);
			runOnlyForDeploymentPostprocessing = 0;
		};
		D85145F123FE207F001E404A /* Sources */ = {
			isa = PBXSourcesBuildPhase;
			buildActionMask = 2147483647;
			files = (
				D85145FA23FE207F001E404A /* Animation_ProjectUITests.swift in Sources */,
			);
			runOnlyForDeploymentPostprocessing = 0;
		};
/* End PBXSourcesBuildPhase section */

/* Begin PBXTargetDependency section */
		D85145EC23FE207F001E404A /* PBXTargetDependency */ = {
			isa = PBXTargetDependency;
			target = D85145D323FE207A001E404A /* Animation Project */;
			targetProxy = D85145EB23FE207F001E404A /* PBXContainerItemProxy */;
		};
		D85145F723FE207F001E404A /* PBXTargetDependency */ = {
			isa = PBXTargetDependency;
			target = D85145D323FE207A001E404A /* Animation Project */;
			targetProxy = D85145F623FE207F001E404A /* PBXContainerItemProxy */;
		};
/* End PBXTargetDependency section */

/* Begin PBXVariantGroup section */
		D85145DD23FE207A001E404A /* Main.storyboard */ = {
			isa = PBXVariantGroup;
			children = (
				D85145DE23FE207A001E404A /* Base */,
			);
			name = Main.storyboard;
			sourceTree = "<group>";
		};
		D85145E223FE207E001E404A /* LaunchScreen.storyboard */ = {
			isa = PBXVariantGroup;
			children = (
				D85145E323FE207E001E404A /* Base */,
			);
			name = LaunchScreen.storyboard;
			sourceTree = "<group>";
		};
/* End PBXVariantGroup section */

/* Begin XCBuildConfiguration section */
		D85145FC23FE207F001E404A /* Debug */ = {
			isa = XCBuildConfiguration;
			buildSettings = {
				ALWAYS_SEARCH_USER_PATHS = NO;
				CLANG_ANALYZER_NONNULL = YES;
				CLANG_ANALYZER_NUMBER_OBJECT_CONVERSION = YES_AGGRESSIVE;
				CLANG_CXX_LANGUAGE_STANDARD = "gnu++14";
				CLANG_CXX_LIBRARY = "libc++";
				CLANG_ENABLE_MODULES = YES;
				CLANG_ENABLE_OBJC_ARC = YES;
				CLANG_ENABLE_OBJC_WEAK = YES;
				CLANG_WARN_BLOCK_CAPTURE_AUTORELEASING = YES;
				CLANG_WARN_BOOL_CONVERSION = YES;
				CLANG_WARN_COMMA = YES;
				CLANG_WARN_CONSTANT_CONVERSION = YES;
				CLANG_WARN_DEPRECATED_OBJC_IMPLEMENTATIONS = YES;
				CLANG_WARN_DIRECT_OBJC_ISA_USAGE = YES_ERROR;
				CLANG_WARN_DOCUMENTATION_COMMENTS = YES;
				CLANG_WARN_EMPTY_BODY = YES;
				CLANG_WARN_ENUM_CONVERSION = YES;
				CLANG_WARN_INFINITE_RECURSION = YES;
				CLANG_WARN_INT_CONVERSION = YES;
				CLANG_WARN_NON_LITERAL_NULL_CONVERSION = YES;
				CLANG_WARN_OBJC_IMPLICIT_RETAIN_SELF = YES;
				CLANG_WARN_OBJC_LITERAL_CONVERSION = YES;
				CLANG_WARN_OBJC_ROOT_CLASS = YES_ERROR;
				CLANG_WARN_RANGE_LOOP_ANALYSIS = YES;
				CLANG_WARN_STRICT_PROTOTYPES = YES;
				CLANG_WARN_SUSPICIOUS_MOVE = YES;
				CLANG_WARN_UNGUARDED_AVAILABILITY = YES_AGGRESSIVE;
				CLANG_WARN_UNREACHABLE_CODE = YES;
				CLANG_WARN__DUPLICATE_METHOD_MATCH = YES;
				COPY_PHASE_STRIP = NO;
				DEBUG_INFORMATION_FORMAT = dwarf;
				ENABLE_STRICT_OBJC_MSGSEND = YES;
				ENABLE_TESTABILITY = YES;
				GCC_C_LANGUAGE_STANDARD = gnu11;
				GCC_DYNAMIC_NO_PIC = NO;
				GCC_NO_COMMON_BLOCKS = YES;
				GCC_OPTIMIZATION_LEVEL = 0;
				GCC_PREPROCESSOR_DEFINITIONS = (
					"DEBUG=1",
					"$(inherited)",
				);
				GCC_WARN_64_TO_32_BIT_CONVERSION = YES;
				GCC_WARN_ABOUT_RETURN_TYPE = YES_ERROR;
				GCC_WARN_UNDECLARED_SELECTOR = YES;
				GCC_WARN_UNINITIALIZED_AUTOS = YES_AGGRESSIVE;
				GCC_WARN_UNUSED_FUNCTION = YES;
				GCC_WARN_UNUSED_VARIABLE = YES;
				IPHONEOS_DEPLOYMENT_TARGET = 13.2;
				MTL_ENABLE_DEBUG_INFO = INCLUDE_SOURCE;
				MTL_FAST_MATH = YES;
				ONLY_ACTIVE_ARCH = YES;
				SDKROOT = iphoneos;
				SWIFT_ACTIVE_COMPILATION_CONDITIONS = DEBUG;
				SWIFT_OPTIMIZATION_LEVEL = "-Onone";
			};
			name = Debug;
		};
		D85145FD23FE207F001E404A /* Release */ = {
			isa = XCBuildConfiguration;
			buildSettings = {
				ALWAYS_SEARCH_USER_PATHS = NO;
				CLANG_ANALYZER_NONNULL = YES;
				CLANG_ANALYZER_NUMBER_OBJECT_CONVERSION = YES_AGGRESSIVE;
				CLANG_CXX_LANGUAGE_STANDARD = "gnu++14";
				CLANG_CXX_LIBRARY = "libc++";
				CLANG_ENABLE_MODULES = YES;
				CLANG_ENABLE_OBJC_ARC = YES;
				CLANG_ENABLE_OBJC_WEAK = YES;
				CLANG_WARN_BLOCK_CAPTURE_AUTORELEASING = YES;
				CLANG_WARN_BOOL_CONVERSION = YES;
				CLANG_WARN_COMMA = YES;
				CLANG_WARN_CONSTANT_CONVERSION = YES;
				CLANG_WARN_DEPRECATED_OBJC_IMPLEMENTATIONS = YES;
				CLANG_WARN_DIRECT_OBJC_ISA_USAGE = YES_ERROR;
				CLANG_WARN_DOCUMENTATION_COMMENTS = YES;
				CLANG_WARN_EMPTY_BODY = YES;
				CLANG_WARN_ENUM_CONVERSION = YES;
				CLANG_WARN_INFINITE_RECURSION = YES;
				CLANG_WARN_INT_CONVERSION = YES;
				CLANG_WARN_NON_LITERAL_NULL_CONVERSION = YES;
				CLANG_WARN_OBJC_IMPLICIT_RETAIN_SELF = YES;
				CLANG_WARN_OBJC_LITERAL_CONVERSION = YES;
				CLANG_WARN_OBJC_ROOT_CLASS = YES_ERROR;
				CLANG_WARN_RANGE_LOOP_ANALYSIS = YES;
				CLANG_WARN_STRICT_PROTOTYPES = YES;
				CLANG_WARN_SUSPICIOUS_MOVE = YES;
				CLANG_WARN_UNGUARDED_AVAILABILITY = YES_AGGRESSIVE;
				CLANG_WARN_UNREACHABLE_CODE = YES;
				CLANG_WARN__DUPLICATE_METHOD_MATCH = YES;
				COPY_PHASE_STRIP = NO;
				DEBUG_INFORMATION_FORMAT = "dwarf-with-dsym";
				ENABLE_NS_ASSERTIONS = NO;
				ENABLE_STRICT_OBJC_MSGSEND = YES;
				GCC_C_LANGUAGE_STANDARD = gnu11;
				GCC_NO_COMMON_BLOCKS = YES;
				GCC_WARN_64_TO_32_BIT_CONVERSION = YES;
				GCC_WARN_ABOUT_RETURN_TYPE = YES_ERROR;
				GCC_WARN_UNDECLARED_SELECTOR = YES;
				GCC_WARN_UNINITIALIZED_AUTOS = YES_AGGRESSIVE;
				GCC_WARN_UNUSED_FUNCTION = YES;
				GCC_WARN_UNUSED_VARIABLE = YES;
				IPHONEOS_DEPLOYMENT_TARGET = 13.2;
				MTL_ENABLE_DEBUG_INFO = NO;
				MTL_FAST_MATH = YES;
				SDKROOT = iphoneos;
				SWIFT_COMPILATION_MODE = wholemodule;
				SWIFT_OPTIMIZATION_LEVEL = "-O";
				VALIDATE_PRODUCT = YES;
			};
			name = Release;
		};
		D85145FF23FE207F001E404A /* Debug */ = {
			isa = XCBuildConfiguration;
			buildSettings = {
				ASSETCATALOG_COMPILER_APPICON_NAME = AppIcon;
				CODE_SIGN_STYLE = Automatic;
				DEVELOPMENT_TEAM = VVTL2X6H2N;
				INFOPLIST_FILE = "Animation Project/Info.plist";
				LD_RUNPATH_SEARCH_PATHS = (
					"$(inherited)",
					"@executable_path/Frameworks",
				);
				PRODUCT_BUNDLE_IDENTIFIER = "spencercurran.com.Animation-Project";
				PRODUCT_NAME = "$(TARGET_NAME)";
				SWIFT_VERSION = 5.0;
				TARGETED_DEVICE_FAMILY = "1,2";
			};
			name = Debug;
		};
		D851460023FE207F001E404A /* Release */ = {
			isa = XCBuildConfiguration;
			buildSettings = {
				ASSETCATALOG_COMPILER_APPICON_NAME = AppIcon;
				CODE_SIGN_STYLE = Automatic;
				DEVELOPMENT_TEAM = VVTL2X6H2N;
				INFOPLIST_FILE = "Animation Project/Info.plist";
				LD_RUNPATH_SEARCH_PATHS = (
					"$(inherited)",
					"@executable_path/Frameworks",
				);
				PRODUCT_BUNDLE_IDENTIFIER = "spencercurran.com.Animation-Project";
				PRODUCT_NAME = "$(TARGET_NAME)";
				SWIFT_VERSION = 5.0;
				TARGETED_DEVICE_FAMILY = "1,2";
			};
			name = Release;
		};
		D851460223FE207F001E404A /* Debug */ = {
			isa = XCBuildConfiguration;
			buildSettings = {
				ALWAYS_EMBED_SWIFT_STANDARD_LIBRARIES = YES;
				BUNDLE_LOADER = "$(TEST_HOST)";
				CODE_SIGN_STYLE = Automatic;
				DEVELOPMENT_TEAM = VVTL2X6H2N;
				INFOPLIST_FILE = "Animation ProjectTests/Info.plist";
				IPHONEOS_DEPLOYMENT_TARGET = 13.2;
				LD_RUNPATH_SEARCH_PATHS = (
					"$(inherited)",
					"@executable_path/Frameworks",
					"@loader_path/Frameworks",
				);
				PRODUCT_BUNDLE_IDENTIFIER = "spencercurran.com.Animation-ProjectTests";
				PRODUCT_NAME = "$(TARGET_NAME)";
				SWIFT_VERSION = 5.0;
				TARGETED_DEVICE_FAMILY = "1,2";
				TEST_HOST = "$(BUILT_PRODUCTS_DIR)/Animation Project.app/Animation Project";
			};
			name = Debug;
		};
		D851460323FE207F001E404A /* Release */ = {
			isa = XCBuildConfiguration;
			buildSettings = {
				ALWAYS_EMBED_SWIFT_STANDARD_LIBRARIES = YES;
				BUNDLE_LOADER = "$(TEST_HOST)";
				CODE_SIGN_STYLE = Automatic;
				DEVELOPMENT_TEAM = VVTL2X6H2N;
				INFOPLIST_FILE = "Animation ProjectTests/Info.plist";
				IPHONEOS_DEPLOYMENT_TARGET = 13.2;
				LD_RUNPATH_SEARCH_PATHS = (
					"$(inherited)",
					"@executable_path/Frameworks",
					"@loader_path/Frameworks",
				);
				PRODUCT_BUNDLE_IDENTIFIER = "spencercurran.com.Animation-ProjectTests";
				PRODUCT_NAME = "$(TARGET_NAME)";
				SWIFT_VERSION = 5.0;
				TARGETED_DEVICE_FAMILY = "1,2";
				TEST_HOST = "$(BUILT_PRODUCTS_DIR)/Animation Project.app/Animation Project";
			};
			name = Release;
		};
		D851460523FE207F001E404A /* Debug */ = {
			isa = XCBuildConfiguration;
			buildSettings = {
				ALWAYS_EMBED_SWIFT_STANDARD_LIBRARIES = YES;
				CODE_SIGN_STYLE = Automatic;
				DEVELOPMENT_TEAM = VVTL2X6H2N;
				INFOPLIST_FILE = "Animation ProjectUITests/Info.plist";
				LD_RUNPATH_SEARCH_PATHS = (
					"$(inherited)",
					"@executable_path/Frameworks",
					"@loader_path/Frameworks",
				);
				PRODUCT_BUNDLE_IDENTIFIER = "spencercurran.com.Animation-ProjectUITests";
				PRODUCT_NAME = "$(TARGET_NAME)";
				SWIFT_VERSION = 5.0;
				TARGETED_DEVICE_FAMILY = "1,2";
				TEST_TARGET_NAME = "Animation Project";
			};
			name = Debug;
		};
		D851460623FE207F001E404A /* Release */ = {
			isa = XCBuildConfiguration;
			buildSettings = {
				ALWAYS_EMBED_SWIFT_STANDARD_LIBRARIES = YES;
				CODE_SIGN_STYLE = Automatic;
				DEVELOPMENT_TEAM = VVTL2X6H2N;
				INFOPLIST_FILE = "Animation ProjectUITests/Info.plist";
				LD_RUNPATH_SEARCH_PATHS = (
					"$(inherited)",
					"@executable_path/Frameworks",
					"@loader_path/Frameworks",
				);
				PRODUCT_BUNDLE_IDENTIFIER = "spencercurran.com.Animation-ProjectUITests";
				PRODUCT_NAME = "$(TARGET_NAME)";
				SWIFT_VERSION = 5.0;
				TARGETED_DEVICE_FAMILY = "1,2";
				TEST_TARGET_NAME = "Animation Project";
			};
			name = Release;
		};
/* End XCBuildConfiguration section */

/* Begin XCConfigurationList section */
		D85145CF23FE207A001E404A /* Build configuration list for PBXProject "Animation Project" */ = {
			isa = XCConfigurationList;
			buildConfigurations = (
				D85145FC23FE207F001E404A /* Debug */,
				D85145FD23FE207F001E404A /* Release */,
			);
			defaultConfigurationIsVisible = 0;
			defaultConfigurationName = Release;
		};
		D85145FE23FE207F001E404A /* Build configuration list for PBXNativeTarget "Animation Project" */ = {
			isa = XCConfigurationList;
			buildConfigurations = (
				D85145FF23FE207F001E404A /* Debug */,
				D851460023FE207F001E404A /* Release */,
			);
			defaultConfigurationIsVisible = 0;
			defaultConfigurationName = Release;
		};
		D851460123FE207F001E404A /* Build configuration list for PBXNativeTarget "Animation ProjectTests" */ = {
			isa = XCConfigurationList;
			buildConfigurations = (
				D851460223FE207F001E404A /* Debug */,
				D851460323FE207F001E404A /* Release */,
			);
			defaultConfigurationIsVisible = 0;
			defaultConfigurationName = Release;
		};
		D851460423FE207F001E404A /* Build configuration list for PBXNativeTarget "Animation ProjectUITests" */ = {
			isa = XCConfigurationList;
			buildConfigurations = (
				D851460523FE207F001E404A /* Debug */,
				D851460623FE207F001E404A /* Release */,
			);
			defaultConfigurationIsVisible = 0;
			defaultConfigurationName = Release;
		};
/* End XCConfigurationList section */
	};
	rootObject = D85145CC23FE207A001E404A /* Project object */;
}
